
Microsoft Visual Studio Solution File, Format Version 12.00
# Visual Studio 15
VisualStudioVersion = 15.0.28307.136
MinimumVisualStudioVersion = 10.0.40219.1
Project("{FAE04EC0-301F-11D3-BF4B-00C04F79EFBC}") = "OmniAPI", "OmniAPI\OmniAPI.csproj", "{A8CF877F-0520-4BD7-97EE-970039A79630}"
EndProject
Global
	GlobalSection(SolutionConfigurationPlatforms) = preSolution
		Debug|Any CPU = Debug|Any CPU
		Release|Any CPU = Release|Any CPU
	EndGlobalSection
	GlobalSection(ProjectConfigurationPlatforms) = postSolution
		{A8CF877F-0520-4BD7-97EE-970039A79630}.Debug|Any CPU.ActiveCfg = Debug|Any CPU
		{A8CF877F-0520-4BD7-97EE-970039A79630}.Debug|Any CPU.Build.0 = Debug|Any CPU
		{A8CF877F-0520-4BD7-97EE-970039A79630}.Release|Any CPU.ActiveCfg = Release|Any CPU
		{A8CF877F-0520-4BD7-97EE-970039A79630}.Release|Any CPU.Build.0 = Release|Any CPU
	EndGlobalSection
	GlobalSection(SolutionProperties) = preSolution
		HideSolutionNode = FALSE
	EndGlobalSection
	GlobalSection(ExtensibilityGlobals) = postSolution
		SolutionGuid = {DB853E3D-7C91-4985-B196-636DB229D509}
	EndGlobalSection
EndGlobal
